{
  "name": "work-6-wordle",
  "version": "1.0.0",
  "lockfileVersion": 3,
  "requires": true,
  "packages": {
    "": {
      "name": "work-6-wordle",
      "version": "1.0.0",
      "license": "ISC",
      "dependencies": {
        "work-6-wordle": "file:"
      }
    },
    "node_modules/work-6-wordle": {
      "resolved": "",
      "link": true
    }
  }
}
